Microsoft Visual Studio Solution File, Format Version 12.00
# Visual Studio Version 17
VisualStudioVersion = 17.5.2.0
MinimumVisualStudioVersion = 10.0.40219.1
Project("{FAE04EC0-301F-11D3-BF4B-00C04F79EFBC}") = "video_api_proc", "src\video_api_proc.csproj", "{64FE5496-6D0D-54F4-6A69-EBD3FBF4225A}"
EndProject
Global
	GlobalSection(SolutionConfigurationPlatforms) = preSolution
		Debug|Any CPU = Debug|Any CPU
		Release|Any CPU = Release|Any CPU
	EndGlobalSection
	GlobalSection(ProjectConfigurationPlatforms) = postSolution
		{64FE5496-6D0D-54F4-6A69-EBD3FBF4225A}.Debug|Any CPU.ActiveCfg = Debug|Any CPU
		{64FE5496-6D0D-54F4-6A69-EBD3FBF4225A}.Debug|Any CPU.Build.0 = Debug|Any CPU
		{64FE5496-6D0D-54F4-6A69-EBD3FBF4225A}.Release|Any CPU.ActiveCfg = Release|Any CPU
		{64FE5496-6D0D-54F4-6A69-EBD3FBF4225A}.Release|Any CPU.Build.0 = Release|Any CPU
	EndGlobalSection
	GlobalSection(SolutionProperties) = preSolution
		HideSolutionNode = FALSE
	EndGlobalSection
	GlobalSection(ExtensibilityGlobals) = postSolution
		SolutionGuid = {D89CBCD0-3B07-4B13-9B60-AB8E60DCE633}
	EndGlobalSection
EndGlobal
